# This file is automatically @generated by Cargo.
# It is not intended for manual editing.
version = 3

[[package]]
name = "meridian-bench"
version = "0.1.0"
dependencies = [
 "meridian-core",
 "meridian-server",
 "meridian-sim",
]

[[package]]
name = "meridian-bounded"
version = "0.1.0"

[[package]]
name = "meridian-core"
version = "0.1.0"
dependencies = [
 "meridian-bounded",
]

[[package]]
name = "meridian-proto"
version = "0.1.0"

[[package]]
name = "meridian-server"
version = "0.1.0"
dependencies = [
 "meridian-core",
 "meridian-proto",
]

[[package]]
name = "meridian-sim"
version = "0.1.0"
